
Microsoft Visual Studio Solution File, Format Version 12.00
# Visual Studio Version 17
VisualStudioVersion = 17.0.32014.148
MinimumVisualStudioVersion = 10.0.40219.1
Project("{9A19103F-16F7-4668-BE54-9A1E7A4F7556}") = "NHapi.SourceGeneration", "src\NHapi.SourceGeneration\NHapi.SourceGeneration.csproj", "{FFC8315C-25E5-497A-86D2-6A4C411B1559}"
EndProject
Project("{9A19103F-16F7-4668-BE54-9A1E7A4F7556}") = "ModelGenerator", "src\ModelGenerator\ModelGenerator.csproj", "{A9D49B55-5173-4FB2-B135-66BA9ECAE6CC}"
EndProject
Project("{9A19103F-16F7-4668-BE54-9A1E7A4F7556}") = "NHapi.Model.V23", "src\NHapi.Model.V23\NHapi.Model.V23.csproj", "{796D663F-E12D-45C2-92E6-8FD050558A86}"
EndProject
Project("{9A19103F-16F7-4668-BE54-9A1E7A4F7556}") = "NHapi.Base", "src\NHapi.Base\NHapi.Base.csproj", "{5A080123-0597-46C3-AE78-2007EFB0DD68}"
EndProject
Project("{9A19103F-16F7-4668-BE54-9A1E7A4F7556}") = "NHapi.Model.V24", "src\NHapi.Model.V24\NHapi.Model.V24.csproj", "{C5DE87CB-F026-4EB3-9CE8-5017BF3FB5CC}"
EndProject
Project("{9A19103F-16F7-4668-BE54-9A1E7A4F7556}") = "NHapi.Model.V231", "src\NHapi.Model.V231\NHapi.Model.V231.csproj", "{B8909698-59BA-453F-A4BC-2F4F2612F853}"
EndProject
Project("{9A19103F-16F7-4668-BE54-9A1E7A4F7556}") = "NHapi.Model.V22", "src\NHapi.Model.V22\NHapi.Model.V22.csproj", "{2AAFDC25-B3DF-4493-94A5-144D60122FEC}"
EndProject
Project("{9A19103F-16F7-4668-BE54-9A1E7A4F7556}") = "NHapi.Model.V21", "src\NHapi.Model.V21\NHapi.Model.V21.csproj", "{4B3417BA-0090-4FA0-B04B-BB19563FC11C}"
EndProject
Project("{9A19103F-16F7-4668-BE54-9A1E7A4F7556}") = "NHapi.Model.V25", "src\NHapi.Model.V25\NHapi.Model.V25.csproj", "{BE6CDFAD-560E-44CC-B23B-87252DD4392C}"
EndProject
Project("{9A19103F-16F7-4668-BE54-9A1E7A4F7556}") = "NHapi.Model.V22_ZSegments", "src\NHapi.Model.V22_ZSegments\NHapi.Model.V22_ZSegments.csproj", "{FFECB4DE-C192-4F95-9DC7-9D0A815D250A}"
EndProject
Project("{9A19103F-16F7-4668-BE54-9A1E7A4F7556}") = "NHapi.Model.V251", "src\NHapi.Model.V251\NHapi.Model.V251.csproj", "{616C84EF-BE12-47A8-A524-D8230D572163}"
EndProject
Project("{9A19103F-16F7-4668-BE54-9A1E7A4F7556}") = "NHapi.Model.V26", "src\NHapi.Model.V26\NHapi.Model.V26.csproj", "{A21B73C4-D18E-4BBA-BE6C-FD52A1F5F6C9}"
EndProject
Project("{9A19103F-16F7-4668-BE54-9A1E7A4F7556}") = "NHapi.Model.V27", "src\NHapi.Model.V27\NHapi.Model.V27.csproj", "{299B6F9F-2AA8-4B93-B687-21563D421735}"
EndProject
Project("{9A19103F-16F7-4668-BE54-9A1E7A4F7556}") = "NHapi.Model.V28", "src\NHapi.Model.V28\NHapi.Model.V28.csproj", "{9B2038CA-D3DF-42E2-8F85-7C141D7CCD88}"
EndProject
Project("{9A19103F-16F7-4668-BE54-9A1E7A4F7556}") = "NHapi.Model.V271", "src\NHapi.Model.V271\NHapi.Model.V271.csproj", "{5AEC7EA6-D02D-4DD5-82F4-D28ECF2BE1EA}"
EndProject
Project("{9A19103F-16F7-4668-BE54-9A1E7A4F7556}") = "NHapi.Model.V281", "src\NHapi.Model.V281\NHapi.Model.V281.csproj", "{4CB07522-CEF0-44B4-B84A-110CAF19F5E0}"
EndProject
Project("{2150E333-8FDC-42A3-9474-1A3956D46DE8}") = "src", "src", "{9FC71692-FA33-4213-8323-E53688BCA633}"
EndProject
Project("{2150E333-8FDC-42A3-9474-1A3956D46DE8}") = "tests", "tests", "{65FE0FF9-296E-4C9B-A670-05D7AC663569}"
EndProject
Project("{2150E333-8FDC-42A3-9474-1A3956D46DE8}") = "Solution Items", "Solution Items", "{14D20F5F-87E7-41BD-BE24-991081E0DE60}"
	ProjectSection(SolutionItems) = preProject
		.editorconfig = .editorconfig
		global.json = global.json
		NHapi.snk = NHapi.snk
		README.md = README.md
		stylecop.json = stylecop.json
	EndProjectSection
EndProject
Project("{9A19103F-16F7-4668-BE54-9A1E7A4F7556}") = "NHapi.NUnit", "tests\NHapi.NUnit\NHapi.NUnit.csproj", "{7C7C99F0-672B-4DB1-A125-5ED7A3ADF95E}"
EndProject
Project("{9A19103F-16F7-4668-BE54-9A1E7A4F7556}") = "NHapi.Base.NUnit", "tests\NHapi.Base.NUnit\NHapi.Base.NUnit.csproj", "{C26D8167-FC47-4E37-9F26-130251782761}"
EndProject
Project("{9A19103F-16F7-4668-BE54-9A1E7A4F7556}") = "NHapi.NUnit.SourceGeneration", "tests\NHapi.NUnit.SourceGeneration\NHapi.NUnit.SourceGeneration.csproj", "{003E674D-F010-4136-AB5A-C3EA6305A99F}"
EndProject
Project("{FAE04EC0-301F-11D3-BF4B-00C04F79EFBC}") = "NHapi.Benchmarks", "tests\NHapi.Benchmarks\NHapi.Benchmarks.csproj", "{866F476C-F363-4556-A2DF-BE75132E590C}"
EndProject
Global
	GlobalSection(SolutionConfigurationPlatforms) = preSolution
		Debug|Any CPU = Debug|Any CPU
		Release|Any CPU = Release|Any CPU
	EndGlobalSection
	GlobalSection(ProjectConfigurationPlatforms) = postSolution
		{FFC8315C-25E5-497A-86D2-6A4C411B1559}.Debug|Any CPU.ActiveCfg = Debug|Any CPU
		{FFC8315C-25E5-497A-86D2-6A4C411B1559}.Debug|Any CPU.Build.0 = Debug|Any CPU
		{FFC8315C-25E5-497A-86D2-6A4C411B1559}.Release|Any CPU.ActiveCfg = Release|Any CPU
		{FFC8315C-25E5-497A-86D2-6A4C411B1559}.Release|Any CPU.Build.0 = Release|Any CPU
		{A9D49B55-5173-4FB2-B135-66BA9ECAE6CC}.Debug|Any CPU.ActiveCfg = Debug|Any CPU
		{A9D49B55-5173-4FB2-B135-66BA9ECAE6CC}.Debug|Any CPU.Build.0 = Debug|Any CPU
		{A9D49B55-5173-4FB2-B135-66BA9ECAE6CC}.Release|Any CPU.ActiveCfg = Release|Any CPU
		{A9D49B55-5173-4FB2-B135-66BA9ECAE6CC}.Release|Any CPU.Build.0 = Release|Any CPU
		{796D663F-E12D-45C2-92E6-8FD050558A86}.Debug|Any CPU.ActiveCfg = Debug|Any CPU
		{796D663F-E12D-45C2-92E6-8FD050558A86}.Debug|Any CPU.Build.0 = Debug|Any CPU
		{796D663F-E12D-45C2-92E6-8FD050558A86}.Release|Any CPU.ActiveCfg = Release|Any CPU
		{796D663F-E12D-45C2-92E6-8FD050558A86}.Release|Any CPU.Build.0 = Release|Any CPU
		{5A080123-0597-46C3-AE78-2007EFB0DD68}.Debug|Any CPU.ActiveCfg = Debug|Any CPU
		{5A080123-0597-46C3-AE78-2007EFB0DD68}.Debug|Any CPU.Build.0 = Debug|Any CPU
		{5A080123-0597-46C3-AE78-2007EFB0DD68}.Release|Any CPU.ActiveCfg = Release|Any CPU
		{5A080123-0597-46C3-AE78-2007EFB0DD68}.Release|Any CPU.Build.0 = Release|Any CPU
		{C5DE87CB-F026-4EB3-9CE8-5017BF3FB5CC}.Debug|Any CPU.ActiveCfg = Debug|Any CPU
		{C5DE87CB-F026-4EB3-9CE8-5017BF3FB5CC}.Debug|Any CPU.Build.0 = Debug|Any CPU
		{C5DE87CB-F026-4EB3-9CE8-5017BF3FB5CC}.Release|Any CPU.ActiveCfg = Release|Any CPU
		{C5DE87CB-F026-4EB3-9CE8-5017BF3FB5CC}.Release|Any CPU.Build.0 = Release|Any CPU
		{B8909698-59BA-453F-A4BC-2F4F2612F853}.Debug|Any CPU.ActiveCfg = Debug|Any CPU
		{B8909698-59BA-453F-A4BC-2F4F2612F853}.Debug|Any CPU.Build.0 = Debug|Any CPU
		{B8909698-59BA-453F-A4BC-2F4F2612F853}.Release|Any CPU.ActiveCfg = Release|Any CPU
		{B8909698-59BA-453F-A4BC-2F4F2612F853}.Release|Any CPU.Build.0 = Release|Any CPU
		{2AAFDC25-B3DF-4493-94A5-144D60122FEC}.Debug|Any CPU.ActiveCfg = Debug|Any CPU
		{2AAFDC25-B3DF-4493-94A5-144D60122FEC}.Debug|Any CPU.Build.0 = Debug|Any CPU
		{2AAFDC25-B3DF-4493-94A5-144D60122FEC}.Release|Any CPU.ActiveCfg = Release|Any CPU
		{2AAFDC25-B3DF-4493-94A5-144D60122FEC}.Release|Any CPU.Build.0 = Release|Any CPU
		{4B3417BA-0090-4FA0-B04B-BB19563FC11C}.Debug|Any CPU.ActiveCfg = Debug|Any CPU
		{4B3417BA-0090-4FA0-B04B-BB19563FC11C}.Debug|Any CPU.Build.0 = Debug|Any CPU
		{4B3417BA-0090-4FA0-B04B-BB19563FC11C}.Release|Any CPU.ActiveCfg = Release|Any CPU
		{4B3417BA-0090-4FA0-B04B-BB19563FC11C}.Release|Any CPU.Build.0 = Release|Any CPU
		{BE6CDFAD-560E-44CC-B23B-87252DD4392C}.Debug|Any CPU.ActiveCfg = Debug|Any CPU
		{BE6CDFAD-560E-44CC-B23B-87252DD4392C}.Debug|Any CPU.Build.0 = Debug|Any CPU
		{BE6CDFAD-560E-44CC-B23B-87252DD4392C}.Release|Any CPU.ActiveCfg = Release|Any CPU
		{BE6CDFAD-560E-44CC-B23B-87252DD4392C}.Release|Any CPU.Build.0 = Release|Any CPU
		{FFECB4DE-C192-4F95-9DC7-9D0A815D250A}.Debug|Any CPU.ActiveCfg = Debug|Any CPU
		{FFECB4DE-C192-4F95-9DC7-9D0A815D250A}.Debug|Any CPU.Build.0 = Debug|Any CPU
		{FFECB4DE-C192-4F95-9DC7-9D0A815D250A}.Release|Any CPU.ActiveCfg = Release|Any CPU
		{FFECB4DE-C192-4F95-9DC7-9D0A815D250A}.Release|Any CPU.Build.0 = Release|Any CPU
		{616C84EF-BE12-47A8-A524-D8230D572163}.Debug|Any CPU.ActiveCfg = Debug|Any CPU
		{616C84EF-BE12-47A8-A524-D8230D572163}.Debug|Any CPU.Build.0 = Debug|Any CPU
		{616C84EF-BE12-47A8-A524-D8230D572163}.Release|Any CPU.ActiveCfg = Release|Any CPU
		{616C84EF-BE12-47A8-A524-D8230D572163}.Release|Any CPU.Build.0 = Release|Any CPU
		{A21B73C4-D18E-4BBA-BE6C-FD52A1F5F6C9}.Debug|Any CPU.ActiveCfg = Debug|Any CPU
		{A21B73C4-D18E-4BBA-BE6C-FD52A1F5F6C9}.Debug|Any CPU.Build.0 = Debug|Any CPU
		{A21B73C4-D18E-4BBA-BE6C-FD52A1F5F6C9}.Release|Any CPU.ActiveCfg = Release|Any CPU
		{A21B73C4-D18E-4BBA-BE6C-FD52A1F5F6C9}.Release|Any CPU.Build.0 = Release|Any CPU
		{299B6F9F-2AA8-4B93-B687-21563D421735}.Debug|Any CPU.ActiveCfg = Debug|Any CPU
		{299B6F9F-2AA8-4B93-B687-21563D421735}.Debug|Any CPU.Build.0 = Debug|Any CPU
		{299B6F9F-2AA8-4B93-B687-21563D421735}.Release|Any CPU.ActiveCfg = Release|Any CPU
		{299B6F9F-2AA8-4B93-B687-21563D421735}.Release|Any CPU.Build.0 = Release|Any CPU
		{9B2038CA-D3DF-42E2-8F85-7C141D7CCD88}.Debug|Any CPU.ActiveCfg = Debug|Any CPU
		{9B2038CA-D3DF-42E2-8F85-7C141D7CCD88}.Debug|Any CPU.Build.0 = Debug|Any CPU
		{9B2038CA-D3DF-42E2-8F85-7C141D7CCD88}.Release|Any CPU.ActiveCfg = Release|Any CPU
		{9B2038CA-D3DF-42E2-8F85-7C141D7CCD88}.Release|Any CPU.Build.0 = Release|Any CPU
		{5AEC7EA6-D02D-4DD5-82F4-D28ECF2BE1EA}.Debug|Any CPU.ActiveCfg = Debug|Any CPU
		{5AEC7EA6-D02D-4DD5-82F4-D28ECF2BE1EA}.Debug|Any CPU.Build.0 = Debug|Any CPU
		{5AEC7EA6-D02D-4DD5-82F4-D28ECF2BE1EA}.Release|Any CPU.ActiveCfg = Release|Any CPU
		{5AEC7EA6-D02D-4DD5-82F4-D28ECF2BE1EA}.Release|Any CPU.Build.0 = Release|Any CPU
		{4CB07522-CEF0-44B4-B84A-110CAF19F5E0}.Debug|Any CPU.ActiveCfg = Debug|Any CPU
		{4CB07522-CEF0-44B4-B84A-110CAF19F5E0}.Debug|Any CPU.Build.0 = Debug|Any CPU
		{4CB07522-CEF0-44B4-B84A-110CAF19F5E0}.Release|Any CPU.ActiveCfg = Release|Any CPU
		{4CB07522-CEF0-44B4-B84A-110CAF19F5E0}.Release|Any CPU.Build.0 = Release|Any CPU
		{7C7C99F0-672B-4DB1-A125-5ED7A3ADF95E}.Debug|Any CPU.ActiveCfg = Debug|Any CPU
		{7C7C99F0-672B-4DB1-A125-5ED7A3ADF95E}.Debug|Any CPU.Build.0 = Debug|Any CPU
		{7C7C99F0-672B-4DB1-A125-5ED7A3ADF95E}.Release|Any CPU.ActiveCfg = Release|Any CPU
		{7C7C99F0-672B-4DB1-A125-5ED7A3ADF95E}.Release|Any CPU.Build.0 = Release|Any CPU
		{C26D8167-FC47-4E37-9F26-130251782761}.Debug|Any CPU.ActiveCfg = Debug|Any CPU
		{C26D8167-FC47-4E37-9F26-130251782761}.Debug|Any CPU.Build.0 = Debug|Any CPU
		{C26D8167-FC47-4E37-9F26-130251782761}.Release|Any CPU.ActiveCfg = Release|Any CPU
		{C26D8167-FC47-4E37-9F26-130251782761}.Release|Any CPU.Build.0 = Release|Any CPU
		{003E674D-F010-4136-AB5A-C3EA6305A99F}.Debug|Any CPU.ActiveCfg = Debug|Any CPU
		{003E674D-F010-4136-AB5A-C3EA6305A99F}.Debug|Any CPU.Build.0 = Debug|Any CPU
		{003E674D-F010-4136-AB5A-C3EA6305A99F}.Release|Any CPU.ActiveCfg = Release|Any CPU
		{003E674D-F010-4136-AB5A-C3EA6305A99F}.Release|Any CPU.Build.0 = Release|Any CPU
		{866F476C-F363-4556-A2DF-BE75132E590C}.Debug|Any CPU.ActiveCfg = Debug|Any CPU
		{866F476C-F363-4556-A2DF-BE75132E590C}.Debug|Any CPU.Build.0 = Debug|Any CPU
		{866F476C-F363-4556-A2DF-BE75132E590C}.Release|Any CPU.ActiveCfg = Release|Any CPU
		{866F476C-F363-4556-A2DF-BE75132E590C}.Release|Any CPU.Build.0 = Release|Any CPU
	EndGlobalSection
	GlobalSection(SolutionProperties) = preSolution
		HideSolutionNode = FALSE
	EndGlobalSection
	GlobalSection(NestedProjects) = preSolution
		{FFC8315C-25E5-497A-86D2-6A4C411B1559} = {9FC71692-FA33-4213-8323-E53688BCA633}
		{A9D49B55-5173-4FB2-B135-66BA9ECAE6CC} = {9FC71692-FA33-4213-8323-E53688BCA633}
		{796D663F-E12D-45C2-92E6-8FD050558A86} = {9FC71692-FA33-4213-8323-E53688BCA633}
		{5A080123-0597-46C3-AE78-2007EFB0DD68} = {9FC71692-FA33-4213-8323-E53688BCA633}
		{C5DE87CB-F026-4EB3-9CE8-5017BF3FB5CC} = {9FC71692-FA33-4213-8323-E53688BCA633}
		{B8909698-59BA-453F-A4BC-2F4F2612F853} = {9FC71692-FA33-4213-8323-E53688BCA633}
		{2AAFDC25-B3DF-4493-94A5-144D60122FEC} = {9FC71692-FA33-4213-8323-E53688BCA633}
		{4B3417BA-0090-4FA0-B04B-BB19563FC11C} = {9FC71692-FA33-4213-8323-E53688BCA633}
		{BE6CDFAD-560E-44CC-B23B-87252DD4392C} = {9FC71692-FA33-4213-8323-E53688BCA633}
		{FFECB4DE-C192-4F95-9DC7-9D0A815D250A} = {9FC71692-FA33-4213-8323-E53688BCA633}
		{616C84EF-BE12-47A8-A524-D8230D572163} = {9FC71692-FA33-4213-8323-E53688BCA633}
		{A21B73C4-D18E-4BBA-BE6C-FD52A1F5F6C9} = {9FC71692-FA33-4213-8323-E53688BCA633}
		{299B6F9F-2AA8-4B93-B687-21563D421735} = {9FC71692-FA33-4213-8323-E53688BCA633}
		{9B2038CA-D3DF-42E2-8F85-7C141D7CCD88} = {9FC71692-FA33-4213-8323-E53688BCA633}
		{5AEC7EA6-D02D-4DD5-82F4-D28ECF2BE1EA} = {9FC71692-FA33-4213-8323-E53688BCA633}
		{4CB07522-CEF0-44B4-B84A-110CAF19F5E0} = {9FC71692-FA33-4213-8323-E53688BCA633}
		{7C7C99F0-672B-4DB1-A125-5ED7A3ADF95E} = {65FE0FF9-296E-4C9B-A670-05D7AC663569}
		{C26D8167-FC47-4E37-9F26-130251782761} = {65FE0FF9-296E-4C9B-A670-05D7AC663569}
		{003E674D-F010-4136-AB5A-C3EA6305A99F} = {65FE0FF9-296E-4C9B-A670-05D7AC663569}
		{866F476C-F363-4556-A2DF-BE75132E590C} = {65FE0FF9-296E-4C9B-A670-05D7AC663569}
	EndGlobalSection
	GlobalSection(ExtensibilityGlobals) = postSolution
		SolutionGuid = {0A748B98-FEF1-4CFB-951E-48F8BE10B5AB}
	EndGlobalSection
EndGlobal
