
Microsoft Visual Studio Solution File, Format Version 11.00
# Visual Studio 2010
Project("{FAE04EC0-301F-11D3-BF4B-00C04F79EFBC}") = "NHapi.Base", "NHapi.Base\NHapi.Base.csproj", "{5A080123-0597-46C3-AE78-2007EFB0DD68}"
EndProject
Project("{FAE04EC0-301F-11D3-BF4B-00C04F79EFBC}") = "NHapi.NUnit.Additional", "NHapi.NUnit.Additional\NHapi.NUnit.Additional.csproj", "{D4B5C436-3E7B-4AF9-891A-8ADF54063F28}"
EndProject
Project("{FAE04EC0-301F-11D3-BF4B-00C04F79EFBC}") = "NHapi.Model.V22", "NHapi.Model.V22\NHapi.Model.V22.csproj", "{2AAFDC25-B3DF-4493-94A5-144D60122FEC}"
EndProject
Project("{FAE04EC0-301F-11D3-BF4B-00C04F79EFBC}") = "NHapi.Model.V22_ZSegments", "NHapi.Model.V22_ZSegments\NHapi.Model.V22_ZSegments.csproj", "{FFECB4DE-C192-4F95-9DC7-9D0A815D250A}"
EndProject
Global
	GlobalSection(SolutionConfigurationPlatforms) = preSolution
		Debug|Any CPU = Debug|Any CPU
		Release|Any CPU = Release|Any CPU
	EndGlobalSection
	GlobalSection(ProjectConfigurationPlatforms) = postSolution
		{5A080123-0597-46C3-AE78-2007EFB0DD68}.Debug|Any CPU.ActiveCfg = Debug|Any CPU
		{5A080123-0597-46C3-AE78-2007EFB0DD68}.Debug|Any CPU.Build.0 = Debug|Any CPU
		{5A080123-0597-46C3-AE78-2007EFB0DD68}.Release|Any CPU.ActiveCfg = Release|Any CPU
		{5A080123-0597-46C3-AE78-2007EFB0DD68}.Release|Any CPU.Build.0 = Release|Any CPU
		{D4B5C436-3E7B-4AF9-891A-8ADF54063F28}.Debug|Any CPU.ActiveCfg = Debug|Any CPU
		{D4B5C436-3E7B-4AF9-891A-8ADF54063F28}.Debug|Any CPU.Build.0 = Debug|Any CPU
		{D4B5C436-3E7B-4AF9-891A-8ADF54063F28}.Release|Any CPU.ActiveCfg = Release|Any CPU
		{D4B5C436-3E7B-4AF9-891A-8ADF54063F28}.Release|Any CPU.Build.0 = Release|Any CPU
		{2AAFDC25-B3DF-4493-94A5-144D60122FEC}.Debug|Any CPU.ActiveCfg = Debug|Any CPU
		{2AAFDC25-B3DF-4493-94A5-144D60122FEC}.Debug|Any CPU.Build.0 = Debug|Any CPU
		{2AAFDC25-B3DF-4493-94A5-144D60122FEC}.Release|Any CPU.ActiveCfg = Release|Any CPU
		{2AAFDC25-B3DF-4493-94A5-144D60122FEC}.Release|Any CPU.Build.0 = Release|Any CPU
		{FFECB4DE-C192-4F95-9DC7-9D0A815D250A}.Debug|Any CPU.ActiveCfg = Debug|Any CPU
		{FFECB4DE-C192-4F95-9DC7-9D0A815D250A}.Debug|Any CPU.Build.0 = Debug|Any CPU
		{FFECB4DE-C192-4F95-9DC7-9D0A815D250A}.Release|Any CPU.ActiveCfg = Release|Any CPU
		{FFECB4DE-C192-4F95-9DC7-9D0A815D250A}.Release|Any CPU.Build.0 = Release|Any CPU
	EndGlobalSection
	GlobalSection(SolutionProperties) = preSolution
		HideSolutionNode = FALSE
	EndGlobalSection
EndGlobal
