
Microsoft Visual Studio Solution File, Format Version 12.00
# Visual Studio 2013
VisualStudioVersion = 12.0.30723.0
MinimumVisualStudioVersion = 10.0.40219.1
Project("{FAE04EC0-301F-11D3-BF4B-00C04F79EFBC}") = "NHapi.Model.V23", "NHapi.Model.V23\NHapi.Model.V23.csproj", "{796D663F-E12D-45C2-92E6-8FD050558A86}"
EndProject
Project("{FAE04EC0-301F-11D3-BF4B-00C04F79EFBC}") = "NHapi.Base", "nHapi.Base\NHapi.Base.csproj", "{5A080123-0597-46C3-AE78-2007EFB0DD68}"
EndProject
Project("{FAE04EC0-301F-11D3-BF4B-00C04F79EFBC}") = "NHapi.Model.V24", "NHapi.Model.V24\NHapi.Model.V24.csproj", "{C5DE87CB-F026-4EB3-9CE8-5017BF3FB5CC}"
EndProject
Project("{FAE04EC0-301F-11D3-BF4B-00C04F79EFBC}") = "NHapi.Model.V231", "NHapi.Model.V231\NHapi.Model.V231.csproj", "{B8909698-59BA-453F-A4BC-2F4F2612F853}"
EndProject
Project("{FAE04EC0-301F-11D3-BF4B-00C04F79EFBC}") = "NHapi.Model.V22", "NHapi.Model.V22\NHapi.Model.V22.csproj", "{2AAFDC25-B3DF-4493-94A5-144D60122FEC}"
EndProject
Project("{FAE04EC0-301F-11D3-BF4B-00C04F79EFBC}") = "NHapi.Model.V21", "NHapi.Model.V21\NHapi.Model.V21.csproj", "{4B3417BA-0090-4FA0-B04B-BB19563FC11C}"
EndProject
Project("{FAE04EC0-301F-11D3-BF4B-00C04F79EFBC}") = "NHapi.NUnit", "NHapi.NUnit\NHapi.NUnit.csproj", "{7C7C99F0-672B-4DB1-A125-5ED7A3ADF95E}"
EndProject
Project("{FAE04EC0-301F-11D3-BF4B-00C04F79EFBC}") = "NHapi.Model.V25", "NHapi.Model.V25\NHapi.Model.V25.csproj", "{BE6CDFAD-560E-44CC-B23B-87252DD4392C}"
EndProject
Project("{FAE04EC0-301F-11D3-BF4B-00C04F79EFBC}") = "ModelGenerator", "ModelGenerator\ModelGenerator.csproj", "{EBB8E9C9-7FF2-49C4-96EF-C5B87E4C2617}"
EndProject
Project("{FAE04EC0-301F-11D3-BF4B-00C04F79EFBC}") = "NHapi.Model.V22_ZSegments", "NHapi.Model.V22_ZSegments\NHapi.Model.V22_ZSegments.csproj", "{FFECB4DE-C192-4F95-9DC7-9D0A815D250A}"
EndProject
Project("{FAE04EC0-301F-11D3-BF4B-00C04F79EFBC}") = "NHapi.Model.V251", "NHapi.Model.V251\NHapi.Model.V251.csproj", "{616C84EF-BE12-47A8-A524-D8230D572163}"
EndProject
Project("{2150E333-8FDC-42A3-9474-1A3956D46DE8}") = ".nuget", ".nuget", "{93F477F2-AAC7-432A-BF20-D8F36EE9589E}"
	ProjectSection(SolutionItems) = preProject
		.nuget\NuGet.Config = .nuget\NuGet.Config
		.nuget\NuGet.exe = .nuget\NuGet.exe
		.nuget\NuGet.targets = .nuget\NuGet.targets
		.nuget\packages.config = .nuget\packages.config
	EndProjectSection
EndProject
Global
	GlobalSection(SolutionConfigurationPlatforms) = preSolution
		Debug|Any CPU = Debug|Any CPU
		Release|Any CPU = Release|Any CPU
	EndGlobalSection
	GlobalSection(ProjectConfigurationPlatforms) = postSolution
		{796D663F-E12D-45C2-92E6-8FD050558A86}.Debug|Any CPU.ActiveCfg = Debug|Any CPU
		{796D663F-E12D-45C2-92E6-8FD050558A86}.Debug|Any CPU.Build.0 = Debug|Any CPU
		{796D663F-E12D-45C2-92E6-8FD050558A86}.Release|Any CPU.ActiveCfg = Release|Any CPU
		{796D663F-E12D-45C2-92E6-8FD050558A86}.Release|Any CPU.Build.0 = Release|Any CPU
		{5A080123-0597-46C3-AE78-2007EFB0DD68}.Debug|Any CPU.ActiveCfg = Debug|Any CPU
		{5A080123-0597-46C3-AE78-2007EFB0DD68}.Debug|Any CPU.Build.0 = Debug|Any CPU
		{5A080123-0597-46C3-AE78-2007EFB0DD68}.Release|Any CPU.ActiveCfg = Release|Any CPU
		{5A080123-0597-46C3-AE78-2007EFB0DD68}.Release|Any CPU.Build.0 = Release|Any CPU
		{C5DE87CB-F026-4EB3-9CE8-5017BF3FB5CC}.Debug|Any CPU.ActiveCfg = Debug|Any CPU
		{C5DE87CB-F026-4EB3-9CE8-5017BF3FB5CC}.Debug|Any CPU.Build.0 = Debug|Any CPU
		{C5DE87CB-F026-4EB3-9CE8-5017BF3FB5CC}.Release|Any CPU.ActiveCfg = Release|Any CPU
		{C5DE87CB-F026-4EB3-9CE8-5017BF3FB5CC}.Release|Any CPU.Build.0 = Release|Any CPU
		{B8909698-59BA-453F-A4BC-2F4F2612F853}.Debug|Any CPU.ActiveCfg = Debug|Any CPU
		{B8909698-59BA-453F-A4BC-2F4F2612F853}.Debug|Any CPU.Build.0 = Debug|Any CPU
		{B8909698-59BA-453F-A4BC-2F4F2612F853}.Release|Any CPU.ActiveCfg = Release|Any CPU
		{B8909698-59BA-453F-A4BC-2F4F2612F853}.Release|Any CPU.Build.0 = Release|Any CPU
		{2AAFDC25-B3DF-4493-94A5-144D60122FEC}.Debug|Any CPU.ActiveCfg = Debug|Any CPU
		{2AAFDC25-B3DF-4493-94A5-144D60122FEC}.Debug|Any CPU.Build.0 = Debug|Any CPU
		{2AAFDC25-B3DF-4493-94A5-144D60122FEC}.Release|Any CPU.ActiveCfg = Release|Any CPU
		{2AAFDC25-B3DF-4493-94A5-144D60122FEC}.Release|Any CPU.Build.0 = Release|Any CPU
		{4B3417BA-0090-4FA0-B04B-BB19563FC11C}.Debug|Any CPU.ActiveCfg = Debug|Any CPU
		{4B3417BA-0090-4FA0-B04B-BB19563FC11C}.Debug|Any CPU.Build.0 = Debug|Any CPU
		{4B3417BA-0090-4FA0-B04B-BB19563FC11C}.Release|Any CPU.ActiveCfg = Release|Any CPU
		{4B3417BA-0090-4FA0-B04B-BB19563FC11C}.Release|Any CPU.Build.0 = Release|Any CPU
		{7C7C99F0-672B-4DB1-A125-5ED7A3ADF95E}.Debug|Any CPU.ActiveCfg = Debug|Any CPU
		{7C7C99F0-672B-4DB1-A125-5ED7A3ADF95E}.Debug|Any CPU.Build.0 = Debug|Any CPU
		{7C7C99F0-672B-4DB1-A125-5ED7A3ADF95E}.Release|Any CPU.ActiveCfg = Release|Any CPU
		{7C7C99F0-672B-4DB1-A125-5ED7A3ADF95E}.Release|Any CPU.Build.0 = Release|Any CPU
		{BE6CDFAD-560E-44CC-B23B-87252DD4392C}.Debug|Any CPU.ActiveCfg = Debug|Any CPU
		{BE6CDFAD-560E-44CC-B23B-87252DD4392C}.Debug|Any CPU.Build.0 = Debug|Any CPU
		{BE6CDFAD-560E-44CC-B23B-87252DD4392C}.Release|Any CPU.ActiveCfg = Release|Any CPU
		{BE6CDFAD-560E-44CC-B23B-87252DD4392C}.Release|Any CPU.Build.0 = Release|Any CPU
		{EBB8E9C9-7FF2-49C4-96EF-C5B87E4C2617}.Debug|Any CPU.ActiveCfg = Debug|Any CPU
		{EBB8E9C9-7FF2-49C4-96EF-C5B87E4C2617}.Debug|Any CPU.Build.0 = Debug|Any CPU
		{EBB8E9C9-7FF2-49C4-96EF-C5B87E4C2617}.Release|Any CPU.ActiveCfg = Release|Any CPU
		{EBB8E9C9-7FF2-49C4-96EF-C5B87E4C2617}.Release|Any CPU.Build.0 = Release|Any CPU
		{FFECB4DE-C192-4F95-9DC7-9D0A815D250A}.Debug|Any CPU.ActiveCfg = Debug|Any CPU
		{FFECB4DE-C192-4F95-9DC7-9D0A815D250A}.Debug|Any CPU.Build.0 = Debug|Any CPU
		{FFECB4DE-C192-4F95-9DC7-9D0A815D250A}.Release|Any CPU.ActiveCfg = Release|Any CPU
		{FFECB4DE-C192-4F95-9DC7-9D0A815D250A}.Release|Any CPU.Build.0 = Release|Any CPU
		{616C84EF-BE12-47A8-A524-D8230D572163}.Debug|Any CPU.ActiveCfg = Debug|Any CPU
		{616C84EF-BE12-47A8-A524-D8230D572163}.Debug|Any CPU.Build.0 = Debug|Any CPU
		{616C84EF-BE12-47A8-A524-D8230D572163}.Release|Any CPU.ActiveCfg = Release|Any CPU
		{616C84EF-BE12-47A8-A524-D8230D572163}.Release|Any CPU.Build.0 = Release|Any CPU
	EndGlobalSection
	GlobalSection(SolutionProperties) = preSolution
		HideSolutionNode = FALSE
	EndGlobalSection
EndGlobal
